
Microsoft Visual Studio Solution File, Format Version 12.00
# Visual Studio Version 17
VisualStudioVersion = 17.5.002.0
MinimumVisualStudioVersion = 10.0.40219.1
Project("{9A19103F-16F7-4668-BE54-9A1E7A4F7556}") = "dio-bootcamp", "dio-bootcamp\dio-bootcamp.csproj", "{4A84F34E-E9B3-4CD7-91F9-C009D250E0D5}"
EndProject
Project("{FAE04EC0-301F-11D3-BF4B-00C04F79EFBC}") = "dio-bootcamp.Common", "dio-bootcamp.Common\dio-bootcamp.Common.csproj", "{05C7D393-FB94-4512-9881-95D36E28E8F1}"
EndProject
Global
	GlobalSection(SolutionConfigurationPlatforms) = preSolution
		Debug|Any CPU = Debug|Any CPU
		Release|Any CPU = Release|Any CPU
	EndGlobalSection
	GlobalSection(ProjectConfigurationPlatforms) = postSolution
		{4A84F34E-E9B3-4CD7-91F9-C009D250E0D5}.Debug|Any CPU.ActiveCfg = Debug|Any CPU
		{4A84F34E-E9B3-4CD7-91F9-C009D250E0D5}.Debug|Any CPU.Build.0 = Debug|Any CPU
		{4A84F34E-E9B3-4CD7-91F9-C009D250E0D5}.Release|Any CPU.ActiveCfg = Release|Any CPU
		{4A84F34E-E9B3-4CD7-91F9-C009D250E0D5}.Release|Any CPU.Build.0 = Release|Any CPU
		{05C7D393-FB94-4512-9881-95D36E28E8F1}.Debug|Any CPU.ActiveCfg = Debug|Any CPU
		{05C7D393-FB94-4512-9881-95D36E28E8F1}.Debug|Any CPU.Build.0 = Debug|Any CPU
		{05C7D393-FB94-4512-9881-95D36E28E8F1}.Release|Any CPU.ActiveCfg = Release|Any CPU
		{05C7D393-FB94-4512-9881-95D36E28E8F1}.Release|Any CPU.Build.0 = Release|Any CPU
	EndGlobalSection
	GlobalSection(SolutionProperties) = preSolution
		HideSolutionNode = FALSE
	EndGlobalSection
	GlobalSection(ExtensibilityGlobals) = postSolution
		SolutionGuid = {99683430-6A32-42C2-A860-4E29DEFCE190}
	EndGlobalSection
EndGlobal
